// !$*UTF8*$!
{
	archiveVersion = 1;
	classes = {
	};
	objectVersion = 50;
	objects = {

/* Begin PBXBuildFile section */
		751E77B8244FE83C00BDF84E /* AppDelegate.swift in Sources */ = {isa = PBXBuildFile; fileRef = 751E77B7244FE83C00BDF84E /* AppDelegate.swift */; };
		751E77BA244FE83C00BDF84E /* SceneDelegate.swift in Sources */ = {isa = PBXBuildFile; fileRef = 751E77B9244FE83C00BDF84E /* SceneDelegate.swift */; };
		751E77BC244FE83C00BDF84E /* LoginViewController.swift in Sources */ = {isa = PBXBuildFile; fileRef = 751E77BB244FE83C00BDF84E /* LoginViewController.swift */; };
		751E77BF244FE83C00BDF84E /* Main.storyboard in Resources */ = {isa = PBXBuildFile; fileRef = 751E77BD244FE83C00BDF84E /* Main.storyboard */; };
		751E77C1244FE83C00BDF84E /* Assets.xcassets in Resources */ = {isa = PBXBuildFile; fileRef = 751E77C0244FE83C00BDF84E /* Assets.xcassets */; };
		751E77C4244FE83C00BDF84E /* LaunchScreen.storyboard in Resources */ = {isa = PBXBuildFile; fileRef = 751E77C2244FE83C00BDF84E /* LaunchScreen.storyboard */; };
		751E77D1244FF2C600BDF84E /* MapViewController.swift in Sources */ = {isa = PBXBuildFile; fileRef = 751E77D0244FF2C600BDF84E /* MapViewController.swift */; };
		751E77D4244FF2E000BDF84E /* FriendsTableViewController.swift in Sources */ = {isa = PBXBuildFile; fileRef = 751E77D3244FF2E000BDF84E /* FriendsTableViewController.swift */; };
		751E77D6244FF2F600BDF84E /* FriendTableViewCell.swift in Sources */ = {isa = PBXBuildFile; fileRef = 751E77D5244FF2F600BDF84E /* FriendTableViewCell.swift */; };
		751E77D8244FF69600BDF84E /* MapNavigationController.swift in Sources */ = {isa = PBXBuildFile; fileRef = 751E77D7244FF69600BDF84E /* MapNavigationController.swift */; };
		751E77DA244FF7BF00BDF84E /* TabBarViewController.swift in Sources */ = {isa = PBXBuildFile; fileRef = 751E77D9244FF7BF00BDF84E /* TabBarViewController.swift */; };
		75688B392451418D00B302AF /* AddNewLocationViewController.swift in Sources */ = {isa = PBXBuildFile; fileRef = 75688B382451418D00B302AF /* AddNewLocationViewController.swift */; };
		75688B3B24523A6900B302AF /* LoginRequest.swift in Sources */ = {isa = PBXBuildFile; fileRef = 75688B3A24523A6900B302AF /* LoginRequest.swift */; };
		75688B3E24523B0100B302AF /* LoginResponse.swift in Sources */ = {isa = PBXBuildFile; fileRef = 75688B3D24523B0100B302AF /* LoginResponse.swift */; };
		75688B4124523BE000B302AF /* StudentInformationResponse.swift in Sources */ = {isa = PBXBuildFile; fileRef = 75688B4024523BE000B302AF /* StudentInformationResponse.swift */; };
		75688B4424523C5600B302AF /* StudentClient.swift in Sources */ = {isa = PBXBuildFile; fileRef = 75688B4324523C5600B302AF /* StudentClient.swift */; };
		75688B462452450200B302AF /* Student.swift in Sources */ = {isa = PBXBuildFile; fileRef = 75688B452452450200B302AF /* Student.swift */; };
		75688B482452483300B302AF /* StudentModel.swift in Sources */ = {isa = PBXBuildFile; fileRef = 75688B472452483300B302AF /* StudentModel.swift */; };
		75BC258324536E8100AC4EA8 /* ErrorResponse.swift in Sources */ = {isa = PBXBuildFile; fileRef = 75BC258224536E8100AC4EA8 /* ErrorResponse.swift */; };
/* End PBXBuildFile section */

/* Begin PBXFileReference section */
		751E77B4244FE83C00BDF84E /* OnTheMap.app */ = {isa = PBXFileReference; explicitFileType = wrapper.application; includeInIndex = 0; path = OnTheMap.app; sourceTree = BUILT_PRODUCTS_DIR; };
		751E77B7244FE83C00BDF84E /* AppDelegate.swift */ = {isa = PBXFileReference; lastKnownFileType = sourcecode.swift; path = AppDelegate.swift; sourceTree = "<group>"; };
		751E77B9244FE83C00BDF84E /* SceneDelegate.swift */ = {isa = PBXFileReference; lastKnownFileType = sourcecode.swift; path = SceneDelegate.swift; sourceTree = "<group>"; };
		751E77BB244FE83C00BDF84E /* LoginViewController.swift */ = {isa = PBXFileReference; lastKnownFileType = sourcecode.swift; path = LoginViewController.swift; sourceTree = "<group>"; };
		751E77BE244FE83C00BDF84E /* Base */ = {isa = PBXFileReference; lastKnownFileType = file.storyboard; name = Base; path = Base.lproj/Main.storyboard; sourceTree = "<group>"; };
		751E77C0244FE83C00BDF84E /* Assets.xcassets */ = {isa = PBXFileReference; lastKnownFileType = folder.assetcatalog; path = Assets.xcassets; sourceTree = "<group>"; };
		751E77C3244FE83C00BDF84E /* Base */ = {isa = PBXFileReference; lastKnownFileType = file.storyboard; name = Base; path = Base.lproj/LaunchScreen.storyboard; sourceTree = "<group>"; };
		751E77C5244FE83C00BDF84E /* Info.plist */ = {isa = PBXFileReference; lastKnownFileType = text.plist.xml; path = Info.plist; sourceTree = "<group>"; };
		751E77D0244FF2C600BDF84E /* MapViewController.swift */ = {isa = PBXFileReference; lastKnownFileType = sourcecode.swift; path = MapViewController.swift; sourceTree = "<group>"; };
		751E77D3244FF2E000BDF84E /* FriendsTableViewController.swift */ = {isa = PBXFileReference; lastKnownFileType = sourcecode.swift; path = FriendsTableViewController.swift; sourceTree = "<group>"; };
		751E77D5244FF2F600BDF84E /* FriendTableViewCell.swift */ = {isa = PBXFileReference; lastKnownFileType = sourcecode.swift; path = FriendTableViewCell.swift; sourceTree = "<group>"; };
		751E77D7244FF69600BDF84E /* MapNavigationController.swift */ = {isa = PBXFileReference; lastKnownFileType = sourcecode.swift; path = MapNavigationController.swift; sourceTree = "<group>"; };
		751E77D9244FF7BF00BDF84E /* TabBarViewController.swift */ = {isa = PBXFileReference; lastKnownFileType = sourcecode.swift; path = TabBarViewController.swift; sourceTree = "<group>"; };
		75688B382451418D00B302AF /* AddNewLocationViewController.swift */ = {isa = PBXFileReference; lastKnownFileType = sourcecode.swift; path = AddNewLocationViewController.swift; sourceTree = "<group>"; };
		75688B3A24523A6900B302AF /* LoginRequest.swift */ = {isa = PBXFileReference; lastKnownFileType = sourcecode.swift; path = LoginRequest.swift; sourceTree = "<group>"; };
		75688B3D24523B0100B302AF /* LoginResponse.swift */ = {isa = PBXFileReference; lastKnownFileType = sourcecode.swift; path = LoginResponse.swift; sourceTree = "<group>"; };
		75688B4024523BE000B302AF /* StudentInformationResponse.swift */ = {isa = PBXFileReference; lastKnownFileType = sourcecode.swift; path = StudentInformationResponse.swift; sourceTree = "<group>"; };
		75688B4324523C5600B302AF /* StudentClient.swift */ = {isa = PBXFileReference; lastKnownFileType = sourcecode.swift; path = StudentClient.swift; sourceTree = "<group>"; };
		75688B452452450200B302AF /* Student.swift */ = {isa = PBXFileReference; lastKnownFileType = sourcecode.swift; path = Student.swift; sourceTree = "<group>"; };
		75688B472452483300B302AF /* StudentModel.swift */ = {isa = PBXFileReference; lastKnownFileType = sourcecode.swift; path = StudentModel.swift; sourceTree = "<group>"; };
		75BC258224536E8100AC4EA8 /* ErrorResponse.swift */ = {isa = PBXFileReference; lastKnownFileType = sourcecode.swift; path = ErrorResponse.swift; sourceTree = "<group>"; };
/* End PBXFileReference section */

/* Begin PBXFrameworksBuildPhase section */
		751E77B1244FE83C00BDF84E /* Frameworks */ = {
			isa = PBXFrameworksBuildPhase;
			buildActionMask = 2147483647;
			files = (
			);
			runOnlyForDeploymentPostprocessing = 0;
		};
/* End PBXFrameworksBuildPhase section */

/* Begin PBXGroup section */
		751E77AB244FE83C00BDF84E = {
			isa = PBXGroup;
			children = (
				751E77B6244FE83C00BDF84E /* OnTheMap */,
				751E77B5244FE83C00BDF84E /* Products */,
			);
			sourceTree = "<group>";
		};
		751E77B5244FE83C00BDF84E /* Products */ = {
			isa = PBXGroup;
			children = (
				751E77B4244FE83C00BDF84E /* OnTheMap.app */,
			);
			name = Products;
			sourceTree = "<group>";
		};
		751E77B6244FE83C00BDF84E /* OnTheMap */ = {
			isa = PBXGroup;
			children = (
				75688B4224523C2F00B302AF /* Model */,
				751E77CC244FEF7800BDF84E /* Controller */,
				751E77CB244FEF6700BDF84E /* View */,
				751E77B7244FE83C00BDF84E /* AppDelegate.swift */,
				751E77C0244FE83C00BDF84E /* Assets.xcassets */,
				751E77C2244FE83C00BDF84E /* LaunchScreen.storyboard */,
				751E77C5244FE83C00BDF84E /* Info.plist */,
			);
			path = OnTheMap;
			sourceTree = "<group>";
		};
		751E77CB244FEF6700BDF84E /* View */ = {
			isa = PBXGroup;
			children = (
				751E77B9244FE83C00BDF84E /* SceneDelegate.swift */,
				751E77BD244FE83C00BDF84E /* Main.storyboard */,
			);
			path = View;
			sourceTree = "<group>";
		};
		751E77CC244FEF7800BDF84E /* Controller */ = {
			isa = PBXGroup;
			children = (
				751E77BB244FE83C00BDF84E /* LoginViewController.swift */,
				751E77D0244FF2C600BDF84E /* MapViewController.swift */,
				751E77D3244FF2E000BDF84E /* FriendsTableViewController.swift */,
				751E77D5244FF2F600BDF84E /* FriendTableViewCell.swift */,
				751E77D7244FF69600BDF84E /* MapNavigationController.swift */,
				751E77D9244FF7BF00BDF84E /* TabBarViewController.swift */,
				75688B382451418D00B302AF /* AddNewLocationViewController.swift */,
			);
			path = Controller;
			sourceTree = "<group>";
		};
		751E77CD244FEF8000BDF84E /* Request */ = {
			isa = PBXGroup;
			children = (
				75688B3A24523A6900B302AF /* LoginRequest.swift */,
			);
			path = Request;
			sourceTree = "<group>";
		};
		75688B3C24523AF400B302AF /* Response */ = {
			isa = PBXGroup;
			children = (
				75688B3D24523B0100B302AF /* LoginResponse.swift */,
				75688B4024523BE000B302AF /* StudentInformationResponse.swift */,
				75688B452452450200B302AF /* Student.swift */,
				75BC258224536E8100AC4EA8 /* ErrorResponse.swift */,
			);
			path = Response;
			sourceTree = "<group>";
		};
		75688B3F24523B1400B302AF /* Client */ = {
			isa = PBXGroup;
			children = (
				75688B4324523C5600B302AF /* StudentClient.swift */,
			);
			path = Client;
			sourceTree = "<group>";
		};
		75688B4224523C2F00B302AF /* Model */ = {
			isa = PBXGroup;
			children = (
				75688B492452487F00B302AF /* Data */,
				75688B3F24523B1400B302AF /* Client */,
				75688B3C24523AF400B302AF /* Response */,
				751E77CD244FEF8000BDF84E /* Request */,
			);
			path = Model;
			sourceTree = "<group>";
		};
		75688B492452487F00B302AF /* Data */ = {
			isa = PBXGroup;
			children = (
				75688B472452483300B302AF /* StudentModel.swift */,
			);
			path = Data;
			sourceTree = "<group>";
		};
/* End PBXGroup section */

/* Begin PBXNativeTarget section */
		751E77B3244FE83C00BDF84E /* OnTheMap */ = {
			isa = PBXNativeTarget;
			buildConfigurationList = 751E77C8244FE83C00BDF84E /* Build configuration list for PBXNativeTarget "OnTheMap" */;
			buildPhases = (
				751E77B0244FE83C00BDF84E /* Sources */,
				751E77B1244FE83C00BDF84E /* Frameworks */,
				751E77B2244FE83C00BDF84E /* Resources */,
			);
			buildRules = (
			);
			dependencies = (
			);
			name = OnTheMap;
			productName = OnTheMap;
			productReference = 751E77B4244FE83C00BDF84E /* OnTheMap.app */;
			productType = "com.apple.product-type.application";
		};
/* End PBXNativeTarget section */

/* Begin PBXProject section */
		751E77AC244FE83C00BDF84E /* Project object */ = {
			isa = PBXProject;
			attributes = {
				LastSwiftUpdateCheck = 1140;
				LastUpgradeCheck = 1140;
				ORGANIZATIONNAME = "Gustavo Brunetto";
				TargetAttributes = {
					751E77B3244FE83C00BDF84E = {
						CreatedOnToolsVersion = 11.4.1;
					};
				};
			};
			buildConfigurationList = 751E77AF244FE83C00BDF84E /* Build configuration list for PBXProject "OnTheMap" */;
			compatibilityVersion = "Xcode 9.3";
			developmentRegion = en;
			hasScannedForEncodings = 0;
			knownRegions = (
				en,
				Base,
			);
			mainGroup = 751E77AB244FE83C00BDF84E;
			productRefGroup = 751E77B5244FE83C00BDF84E /* Products */;
			projectDirPath = "";
			projectRoot = "";
			targets = (
				751E77B3244FE83C00BDF84E /* OnTheMap */,
			);
		};
/* End PBXProject section */

/* Begin PBXResourcesBuildPhase section */
		751E77B2244FE83C00BDF84E /* Resources */ = {
			isa = PBXResourcesBuildPhase;
			buildActionMask = 2147483647;
			files = (
				751E77C4244FE83C00BDF84E /* LaunchScreen.storyboard in Resources */,
				751E77C1244FE83C00BDF84E /* Assets.xcassets in Resources */,
				751E77BF244FE83C00BDF84E /* Main.storyboard in Resources */,
			);
			runOnlyForDeploymentPostprocessing = 0;
		};
/* End PBXResourcesBuildPhase section */

/* Begin PBXSourcesBuildPhase section */
		751E77B0244FE83C00BDF84E /* Sources */ = {
			isa = PBXSourcesBuildPhase;
			buildActionMask = 2147483647;
			files = (
				75688B4424523C5600B302AF /* StudentClient.swift in Sources */,
				75688B4124523BE000B302AF /* StudentInformationResponse.swift in Sources */,
				75688B392451418D00B302AF /* AddNewLocationViewController.swift in Sources */,
				751E77DA244FF7BF00BDF84E /* TabBarViewController.swift in Sources */,
				751E77BC244FE83C00BDF84E /* LoginViewController.swift in Sources */,
				75688B462452450200B302AF /* Student.swift in Sources */,
				751E77D8244FF69600BDF84E /* MapNavigationController.swift in Sources */,
				75BC258324536E8100AC4EA8 /* ErrorResponse.swift in Sources */,
				751E77D4244FF2E000BDF84E /* FriendsTableViewController.swift in Sources */,
				751E77B8244FE83C00BDF84E /* AppDelegate.swift in Sources */,
				751E77D1244FF2C600BDF84E /* MapViewController.swift in Sources */,
				751E77BA244FE83C00BDF84E /* SceneDelegate.swift in Sources */,
				75688B3B24523A6900B302AF /* LoginRequest.swift in Sources */,
				75688B3E24523B0100B302AF /* LoginResponse.swift in Sources */,
				75688B482452483300B302AF /* StudentModel.swift in Sources */,
				751E77D6244FF2F600BDF84E /* FriendTableViewCell.swift in Sources */,
			);
			runOnlyForDeploymentPostprocessing = 0;
		};
/* End PBXSourcesBuildPhase section */

/* Begin PBXVariantGroup section */
		751E77BD244FE83C00BDF84E /* Main.storyboard */ = {
			isa = PBXVariantGroup;
			children = (
				751E77BE244FE83C00BDF84E /* Base */,
			);
			name = Main.storyboard;
			sourceTree = "<group>";
		};
		751E77C2244FE83C00BDF84E /* LaunchScreen.storyboard */ = {
			isa = PBXVariantGroup;
			children = (
				751E77C3244FE83C00BDF84E /* Base */,
			);
			name = LaunchScreen.storyboard;
			sourceTree = "<group>";
		};
/* End PBXVariantGroup section */

/* Begin XCBuildConfiguration section */
		751E77C6244FE83C00BDF84E /* Debug */ = {
			isa = XCBuildConfiguration;
			buildSettings = {
				ALWAYS_SEARCH_USER_PATHS = NO;
				CLANG_ANALYZER_NONNULL = YES;
				CLANG_ANALYZER_NUMBER_OBJECT_CONVERSION = YES_AGGRESSIVE;
				CLANG_CXX_LANGUAGE_STANDARD = "gnu++14";
				CLANG_CXX_LIBRARY = "libc++";
				CLANG_ENABLE_MODULES = YES;
				CLANG_ENABLE_OBJC_ARC = YES;
				CLANG_ENABLE_OBJC_WEAK = YES;
				CLANG_WARN_BLOCK_CAPTURE_AUTORELEASING = YES;
				CLANG_WARN_BOOL_CONVERSION = YES;
				CLANG_WARN_COMMA = YES;
				CLANG_WARN_CONSTANT_CONVERSION = YES;
				CLANG_WARN_DEPRECATED_OBJC_IMPLEMENTATIONS = YES;
				CLANG_WARN_DIRECT_OBJC_ISA_USAGE = YES_ERROR;
				CLANG_WARN_DOCUMENTATION_COMMENTS = YES;
				CLANG_WARN_EMPTY_BODY = YES;
				CLANG_WARN_ENUM_CONVERSION = YES;
				CLANG_WARN_INFINITE_RECURSION = YES;
				CLANG_WARN_INT_CONVERSION = YES;
				CLANG_WARN_NON_LITERAL_NULL_CONVERSION = YES;
				CLANG_WARN_OBJC_IMPLICIT_RETAIN_SELF = YES;
				CLANG_WARN_OBJC_LITERAL_CONVERSION = YES;
				CLANG_WARN_OBJC_ROOT_CLASS = YES_ERROR;
				CLANG_WARN_RANGE_LOOP_ANALYSIS = YES;
				CLANG_WARN_STRICT_PROTOTYPES = YES;
				CLANG_WARN_SUSPICIOUS_MOVE = YES;
				CLANG_WARN_UNGUARDED_AVAILABILITY = YES_AGGRESSIVE;
				CLANG_WARN_UNREACHABLE_CODE = YES;
				CLANG_WARN__DUPLICATE_METHOD_MATCH = YES;
				COPY_PHASE_STRIP = NO;
				DEBUG_INFORMATION_FORMAT = dwarf;
				ENABLE_STRICT_OBJC_MSGSEND = YES;
				ENABLE_TESTABILITY = YES;
				GCC_C_LANGUAGE_STANDARD = gnu11;
				GCC_DYNAMIC_NO_PIC = NO;
				GCC_NO_COMMON_BLOCKS = YES;
				GCC_OPTIMIZATION_LEVEL = 0;
				GCC_PREPROCESSOR_DEFINITIONS = (
					"DEBUG=1",
					"$(inherited)",
				);
				GCC_WARN_64_TO_32_BIT_CONVERSION = YES;
				GCC_WARN_ABOUT_RETURN_TYPE = YES_ERROR;
				GCC_WARN_UNDECLARED_SELECTOR = YES;
				GCC_WARN_UNINITIALIZED_AUTOS = YES_AGGRESSIVE;
				GCC_WARN_UNUSED_FUNCTION = YES;
				GCC_WARN_UNUSED_VARIABLE = YES;
				IPHONEOS_DEPLOYMENT_TARGET = 13.4;
				MTL_ENABLE_DEBUG_INFO = INCLUDE_SOURCE;
				MTL_FAST_MATH = YES;
				ONLY_ACTIVE_ARCH = YES;
				SDKROOT = iphoneos;
				SWIFT_ACTIVE_COMPILATION_CONDITIONS = DEBUG;
				SWIFT_OPTIMIZATION_LEVEL = "-Onone";
			};
			name = Debug;
		};
		751E77C7244FE83C00BDF84E /* Release */ = {
			isa = XCBuildConfiguration;
			buildSettings = {
				ALWAYS_SEARCH_USER_PATHS = NO;
				CLANG_ANALYZER_NONNULL = YES;
				CLANG_ANALYZER_NUMBER_OBJECT_CONVERSION = YES_AGGRESSIVE;
				CLANG_CXX_LANGUAGE_STANDARD = "gnu++14";
				CLANG_CXX_LIBRARY = "libc++";
				CLANG_ENABLE_MODULES = YES;
				CLANG_ENABLE_OBJC_ARC = YES;
				CLANG_ENABLE_OBJC_WEAK = YES;
				CLANG_WARN_BLOCK_CAPTURE_AUTORELEASING = YES;
				CLANG_WARN_BOOL_CONVERSION = YES;
				CLANG_WARN_COMMA = YES;
				CLANG_WARN_CONSTANT_CONVERSION = YES;
				CLANG_WARN_DEPRECATED_OBJC_IMPLEMENTATIONS = YES;
				CLANG_WARN_DIRECT_OBJC_ISA_USAGE = YES_ERROR;
				CLANG_WARN_DOCUMENTATION_COMMENTS = YES;
				CLANG_WARN_EMPTY_BODY = YES;
				CLANG_WARN_ENUM_CONVERSION = YES;
				CLANG_WARN_INFINITE_RECURSION = YES;
				CLANG_WARN_INT_CONVERSION = YES;
				CLANG_WARN_NON_LITERAL_NULL_CONVERSION = YES;
				CLANG_WARN_OBJC_IMPLICIT_RETAIN_SELF = YES;
				CLANG_WARN_OBJC_LITERAL_CONVERSION = YES;
				CLANG_WARN_OBJC_ROOT_CLASS = YES_ERROR;
				CLANG_WARN_RANGE_LOOP_ANALYSIS = YES;
				CLANG_WARN_STRICT_PROTOTYPES = YES;
				CLANG_WARN_SUSPICIOUS_MOVE = YES;
				CLANG_WARN_UNGUARDED_AVAILABILITY = YES_AGGRESSIVE;
				CLANG_WARN_UNREACHABLE_CODE = YES;
				CLANG_WARN__DUPLICATE_METHOD_MATCH = YES;
				COPY_PHASE_STRIP = NO;
				DEBUG_INFORMATION_FORMAT = "dwarf-with-dsym";
				ENABLE_NS_ASSERTIONS = NO;
				ENABLE_STRICT_OBJC_MSGSEND = YES;
				GCC_C_LANGUAGE_STANDARD = gnu11;
				GCC_NO_COMMON_BLOCKS = YES;
				GCC_WARN_64_TO_32_BIT_CONVERSION = YES;
				GCC_WARN_ABOUT_RETURN_TYPE = YES_ERROR;
				GCC_WARN_UNDECLARED_SELECTOR = YES;
				GCC_WARN_UNINITIALIZED_AUTOS = YES_AGGRESSIVE;
				GCC_WARN_UNUSED_FUNCTION = YES;
				GCC_WARN_UNUSED_VARIABLE = YES;
				IPHONEOS_DEPLOYMENT_TARGET = 13.4;
				MTL_ENABLE_DEBUG_INFO = NO;
				MTL_FAST_MATH = YES;
				SDKROOT = iphoneos;
				SWIFT_COMPILATION_MODE = wholemodule;
				SWIFT_OPTIMIZATION_LEVEL = "-O";
				VALIDATE_PRODUCT = YES;
			};
			name = Release;
		};
		751E77C9244FE83C00BDF84E /* Debug */ = {
			isa = XCBuildConfiguration;
			buildSettings = {
				ASSETCATALOG_COMPILER_APPICON_NAME = AppIcon;
				CODE_SIGN_STYLE = Automatic;
				DEVELOPMENT_TEAM = AS752AQ5FD;
				INFOPLIST_FILE = OnTheMap/Info.plist;
				LD_RUNPATH_SEARCH_PATHS = (
					"$(inherited)",
					"@executable_path/Frameworks",
				);
				PRODUCT_BUNDLE_IDENTIFIER = com.gustavobrunetto.OnTheMap;
				PRODUCT_NAME = "$(TARGET_NAME)";
				SWIFT_VERSION = 5.0;
				TARGETED_DEVICE_FAMILY = "1,2";
			};
			name = Debug;
		};
		751E77CA244FE83C00BDF84E /* Release */ = {
			isa = XCBuildConfiguration;
			buildSettings = {
				ASSETCATALOG_COMPILER_APPICON_NAME = AppIcon;
				CODE_SIGN_STYLE = Automatic;
				DEVELOPMENT_TEAM = AS752AQ5FD;
				INFOPLIST_FILE = OnTheMap/Info.plist;
				LD_RUNPATH_SEARCH_PATHS = (
					"$(inherited)",
					"@executable_path/Frameworks",
				);
				PRODUCT_BUNDLE_IDENTIFIER = com.gustavobrunetto.OnTheMap;
				PRODUCT_NAME = "$(TARGET_NAME)";
				SWIFT_VERSION = 5.0;
				TARGETED_DEVICE_FAMILY = "1,2";
			};
			name = Release;
		};
/* End XCBuildConfiguration section */

/* Begin XCConfigurationList section */
		751E77AF244FE83C00BDF84E /* Build configuration list for PBXProject "OnTheMap" */ = {
			isa = XCConfigurationList;
			buildConfigurations = (
				751E77C6244FE83C00BDF84E /* Debug */,
				751E77C7244FE83C00BDF84E /* Release */,
			);
			defaultConfigurationIsVisible = 0;
			defaultConfigurationName = Release;
		};
		751E77C8244FE83C00BDF84E /* Build configuration list for PBXNativeTarget "OnTheMap" */ = {
			isa = XCConfigurationList;
			buildConfigurations = (
				751E77C9244FE83C00BDF84E /* Debug */,
				751E77CA244FE83C00BDF84E /* Release */,
			);
			defaultConfigurationIsVisible = 0;
			defaultConfigurationName = Release;
		};
/* End XCConfigurationList section */
	};
	rootObject = 751E77AC244FE83C00BDF84E /* Project object */;
}
